maragu.dev/gomponents v1.0.0-beta1 h1:I51NqKfrtQC4GxuWShqW5CT5BrfToMEueLD76IhdSXs=
maragu.dev/gomponents v1.0.0-beta1/go.mod h1:oEDahza2gZoXDoDHhw8jBNgH+3UR5ni7Ur648HORydM=
maragu.dev/gomponents v1.1.0 h1:iCybZZChHr1eSlvkWp/JP3CrZGzctLudQ/JI3sBcO4U=
maragu.dev/gomponents v1.1.0/go.mod h1:oEDahza2gZoXDoDHhw8jBNgH+3UR5ni7Ur648HORydM=
